
Microsoft Visual Studio Solution File, Format Version 12.00
Project("{FAE04EC0-301F-11D3-BF4B-00C04F79EFBC}") = "WebApp", "WebApp\WebApp.csproj", "{5E29184B-11AE-4E32-84AF-E3524BAAC8C2}"
EndProject
Project("{FAE04EC0-301F-11D3-BF4B-00C04F79EFBC}") = "DAL", "DAL\DAL.csproj", "{FD967657-C762-4459-8D2E-A3B784A746D4}"
EndProject
Project("{FAE04EC0-301F-11D3-BF4B-00C04F79EFBC}") = "Domain", "Domain\Domain.csproj", "{0E1015DB-243C-4DCA-9676-358CBB7C72DB}"
EndProject
Global
	GlobalSection(SolutionConfigurationPlatforms) = preSolution
		Debug|Any CPU = Debug|Any CPU
		Release|Any CPU = Release|Any CPU
	EndGlobalSection
	GlobalSection(ProjectConfigurationPlatforms) = postSolution
		{5E29184B-11AE-4E32-84AF-E3524BAAC8C2}.Debug|Any CPU.ActiveCfg = Debug|Any CPU
		{5E29184B-11AE-4E32-84AF-E3524BAAC8C2}.Debug|Any CPU.Build.0 = Debug|Any CPU
		{5E29184B-11AE-4E32-84AF-E3524BAAC8C2}.Release|Any CPU.ActiveCfg = Release|Any CPU
		{5E29184B-11AE-4E32-84AF-E3524BAAC8C2}.Release|Any CPU.Build.0 = Release|Any CPU
		{FD967657-C762-4459-8D2E-A3B784A746D4}.Debug|Any CPU.ActiveCfg = Debug|Any CPU
		{FD967657-C762-4459-8D2E-A3B784A746D4}.Debug|Any CPU.Build.0 = Debug|Any CPU
		{FD967657-C762-4459-8D2E-A3B784A746D4}.Release|Any CPU.ActiveCfg = Release|Any CPU
		{FD967657-C762-4459-8D2E-A3B784A746D4}.Release|Any CPU.Build.0 = Release|Any CPU
		{0E1015DB-243C-4DCA-9676-358CBB7C72DB}.Debug|Any CPU.ActiveCfg = Debug|Any CPU
		{0E1015DB-243C-4DCA-9676-358CBB7C72DB}.Debug|Any CPU.Build.0 = Debug|Any CPU
		{0E1015DB-243C-4DCA-9676-358CBB7C72DB}.Release|Any CPU.ActiveCfg = Release|Any CPU
		{0E1015DB-243C-4DCA-9676-358CBB7C72DB}.Release|Any CPU.Build.0 = Release|Any CPU
	EndGlobalSection
EndGlobal
